
Microsoft Visual Studio Solution File, Format Version 12.00
# Visual Studio Version 16
VisualStudioVersion = 16.0.31129.286
MinimumVisualStudioVersion = 10.0.40219.1
Project("{FAE04EC0-301F-11D3-BF4B-00C04F79EFBC}") = "CodeWarsTask", "CodeWarsTask\CodeWarsTask.csproj", "{75A34E4D-3D5C-45AF-8C32-996CCF78BA0E}"
EndProject
Global
	GlobalSection(SolutionConfigurationPlatforms) = preSolution
		Debug|Any CPU = Debug|Any CPU
		Release|Any CPU = Release|Any CPU
	EndGlobalSection
	GlobalSection(ProjectConfigurationPlatforms) = postSolution
		{75A34E4D-3D5C-45AF-8C32-996CCF78BA0E}.Debug|Any CPU.ActiveCfg = Debug|Any CPU
		{75A34E4D-3D5C-45AF-8C32-996CCF78BA0E}.Debug|Any CPU.Build.0 = Debug|Any CPU
		{75A34E4D-3D5C-45AF-8C32-996CCF78BA0E}.Release|Any CPU.ActiveCfg = Release|Any CPU
		{75A34E4D-3D5C-45AF-8C32-996CCF78BA0E}.Release|Any CPU.Build.0 = Release|Any CPU
	EndGlobalSection
	GlobalSection(SolutionProperties) = preSolution
		HideSolutionNode = FALSE
	EndGlobalSection
	GlobalSection(ExtensibilityGlobals) = postSolution
		SolutionGuid = {A7295DFC-2ABB-4201-9890-8254B37F0399}
	EndGlobalSection
EndGlobal
